# This file is autogenerated, do not edit; changes may be undone by the next 'dep ensure'.


[[projects]]
  branch = "master"
  name = "github.com/divan/gorilla-xmlrpc"
  packages = ["xml"]
  revision = "706499c05b3e4047069f120794be0f56a5bf8ef9"

[[projects]]
  name = "github.com/gorilla/handlers"
  packages = ["."]
  revision = "90663712d74cb411cbef281bc1e08c19d1a76145"
  version = "v1.3.0"

[[projects]]
  name = "github.com/gorilla/rpc"
  packages = ["."]
  revision = "22c016f3df3febe0c1f6727598b6389507e03a18"
  version = "v1.1.0"

[[projects]]
  branch = "master"
  name = "github.com/rogpeppe/go-charset"
  packages = [
    "charset",
    "data"
  ]
  revision = "2471d30d28b404738b546df7aaa82c45826bc02e"

[[projects]]
  branch = "master"
  name = "github.com/xxtea/xxtea-go"
  packages = ["xxtea"]
  revision = "35c4b17eecf6c3c2350f8cecaf1b3f9f7fafc242"

[[projects]]
  branch = "master"
  name = "golang.org/x/net"
  packages = [
    "html",
    "html/atom",
    "html/charset"
  ]
  revision = "afe8f62b1d6bbd81f31868121a50b06d8188e1f9"

[[projects]]
  name = "golang.org/x/text"
  packages = [
    "encoding",
    "encoding/charmap",
    "encoding/htmlindex",
    "encoding/internal",
    "encoding/internal/identifier",
    "encoding/japanese",
    "encoding/korean",
    "encoding/simplifiedchinese",
    "encoding/traditionalchinese",
    "encoding/unicode",
    "internal/gen",
    "internal/tag",
    "internal/utf8internal",
    "language",
    "runes",
    "transform",
    "unicode/cldr"
  ]
  revision = "f21a4dfb5e38f5895301dc265a8def02365cc3d0"
  version = "v0.3.0"

[solve-meta]
  analyzer-name = "dep"
  analyzer-version = 1
  inputs-digest = "7c726cf3a3a365ac6c8677e414bb9076a60a6f96c9ce962da5cb2fb0c22d2b87"
  solver-name = "gps-cdcl"
  solver-version = 1
